
Microsoft Visual Studio Solution File, Format Version 12.00
# Visual Studio Version 17
VisualStudioVersion = 17.0.32014.148
MinimumVisualStudioVersion = 10.0.40219.1
Project("{9A19103F-16F7-4668-BE54-9A1E7A4F7556}") = "Specflow.Steps.Object", "Specflow.Steps.Object\Specflow.Steps.Object.csproj", "{4EF19ECA-CFBD-4E42-90D5-1D6A71443A20}"
EndProject
Project("{9A19103F-16F7-4668-BE54-9A1E7A4F7556}") = "Demo.CalcEng.Domain", "Demo.CalcEng.Domain\Demo.CalcEng.Domain.csproj", "{4FF9FD8A-C0C5-45BA-A086-1D9B3F2E45C8}"
EndProject
Project("{9A19103F-16F7-4668-BE54-9A1E7A4F7556}") = "Demo.CalcEng.Domain.Tests", "Demo.CalcEng.Domain.Tests\Demo.CalcEng.Domain.Tests.csproj", "{1C57E9D9-BFC2-4E77-A102-C15573FB0C0F}"
EndProject
Project("{9A19103F-16F7-4668-BE54-9A1E7A4F7556}") = "Specflow.Steps.Object.Tests", "Specflow.Steps.Object.Tests\Specflow.Steps.Object.Tests.csproj", "{FCBE8D1C-17F9-4580-BC43-46762B899499}"
EndProject
Project("{9A19103F-16F7-4668-BE54-9A1E7A4F7556}") = "Specflow.Steps.WebApi", "Specflow.Steps.WebApi\Specflow.Steps.WebApi.csproj", "{424C0896-C72B-4F21-9737-E10DC6FB730A}"
EndProject
Project("{9A19103F-16F7-4668-BE54-9A1E7A4F7556}") = "Demo.CalcEng.Api", "Demo.CalcEng.Api\Demo.CalcEng.Api.csproj", "{311E842A-F4DB-4D18-97BF-D31127A60182}"
EndProject
Project("{9A19103F-16F7-4668-BE54-9A1E7A4F7556}") = "Specflow.Steps.Db.Sql", "Specflow.Steps.Db.Sql\Specflow.Steps.Db.Sql.csproj", "{A21B3394-08BB-4385-8BA4-CEB82BB5D58E}"
EndProject
Project("{9A19103F-16F7-4668-BE54-9A1E7A4F7556}") = "Specflow.Steps.Db.Sql.Tests", "Specflow.Steps.Db.Sql.Tests\Specflow.Steps.Db.Sql.Tests.csproj", "{7C04A6E3-3D7A-44C7-B200-3E612DBB35E6}"
EndProject
Project("{2150E333-8FDC-42A3-9474-1A3956D46DE8}") = "Solution Items", "Solution Items", "{77C4737E-27F8-4C7F-81E0-B3446FF44C17}"
	ProjectSection(SolutionItems) = preProject
		Specflow.Steps.Dd.Shared\DbSteps.cs = Specflow.Steps.Dd.Shared\DbSteps.cs
	EndProjectSection
EndProject
Project("{FAE04EC0-301F-11D3-BF4B-00C04F79EFBC}") = "Demo.CalcEng.Api.Tests", "Demo.CalcEng.Api.Tests\Demo.CalcEng.Api.Tests.csproj", "{519992BC-93CB-4502-B67A-B7B4DE9ABF3D}"
EndProject
Global
	GlobalSection(SolutionConfigurationPlatforms) = preSolution
		Debug|Any CPU = Debug|Any CPU
		Release|Any CPU = Release|Any CPU
	EndGlobalSection
	GlobalSection(ProjectConfigurationPlatforms) = postSolution
		{4EF19ECA-CFBD-4E42-90D5-1D6A71443A20}.Debug|Any CPU.ActiveCfg = Debug|Any CPU
		{4EF19ECA-CFBD-4E42-90D5-1D6A71443A20}.Debug|Any CPU.Build.0 = Debug|Any CPU
		{4EF19ECA-CFBD-4E42-90D5-1D6A71443A20}.Release|Any CPU.ActiveCfg = Release|Any CPU
		{4EF19ECA-CFBD-4E42-90D5-1D6A71443A20}.Release|Any CPU.Build.0 = Release|Any CPU
		{4FF9FD8A-C0C5-45BA-A086-1D9B3F2E45C8}.Debug|Any CPU.ActiveCfg = Debug|Any CPU
		{4FF9FD8A-C0C5-45BA-A086-1D9B3F2E45C8}.Debug|Any CPU.Build.0 = Debug|Any CPU
		{4FF9FD8A-C0C5-45BA-A086-1D9B3F2E45C8}.Release|Any CPU.ActiveCfg = Release|Any CPU
		{4FF9FD8A-C0C5-45BA-A086-1D9B3F2E45C8}.Release|Any CPU.Build.0 = Release|Any CPU
		{1C57E9D9-BFC2-4E77-A102-C15573FB0C0F}.Debug|Any CPU.ActiveCfg = Debug|Any CPU
		{1C57E9D9-BFC2-4E77-A102-C15573FB0C0F}.Debug|Any CPU.Build.0 = Debug|Any CPU
		{1C57E9D9-BFC2-4E77-A102-C15573FB0C0F}.Release|Any CPU.ActiveCfg = Release|Any CPU
		{1C57E9D9-BFC2-4E77-A102-C15573FB0C0F}.Release|Any CPU.Build.0 = Release|Any CPU
		{FCBE8D1C-17F9-4580-BC43-46762B899499}.Debug|Any CPU.ActiveCfg = Debug|Any CPU
		{FCBE8D1C-17F9-4580-BC43-46762B899499}.Debug|Any CPU.Build.0 = Debug|Any CPU
		{FCBE8D1C-17F9-4580-BC43-46762B899499}.Release|Any CPU.ActiveCfg = Release|Any CPU
		{FCBE8D1C-17F9-4580-BC43-46762B899499}.Release|Any CPU.Build.0 = Release|Any CPU
		{424C0896-C72B-4F21-9737-E10DC6FB730A}.Debug|Any CPU.ActiveCfg = Debug|Any CPU
		{424C0896-C72B-4F21-9737-E10DC6FB730A}.Debug|Any CPU.Build.0 = Debug|Any CPU
		{424C0896-C72B-4F21-9737-E10DC6FB730A}.Release|Any CPU.ActiveCfg = Release|Any CPU
		{424C0896-C72B-4F21-9737-E10DC6FB730A}.Release|Any CPU.Build.0 = Release|Any CPU
		{311E842A-F4DB-4D18-97BF-D31127A60182}.Debug|Any CPU.ActiveCfg = Debug|Any CPU
		{311E842A-F4DB-4D18-97BF-D31127A60182}.Debug|Any CPU.Build.0 = Debug|Any CPU
		{311E842A-F4DB-4D18-97BF-D31127A60182}.Release|Any CPU.ActiveCfg = Release|Any CPU
		{311E842A-F4DB-4D18-97BF-D31127A60182}.Release|Any CPU.Build.0 = Release|Any CPU
		{A21B3394-08BB-4385-8BA4-CEB82BB5D58E}.Debug|Any CPU.ActiveCfg = Debug|Any CPU
		{A21B3394-08BB-4385-8BA4-CEB82BB5D58E}.Debug|Any CPU.Build.0 = Debug|Any CPU
		{A21B3394-08BB-4385-8BA4-CEB82BB5D58E}.Release|Any CPU.ActiveCfg = Release|Any CPU
		{A21B3394-08BB-4385-8BA4-CEB82BB5D58E}.Release|Any CPU.Build.0 = Release|Any CPU
		{7C04A6E3-3D7A-44C7-B200-3E612DBB35E6}.Debug|Any CPU.ActiveCfg = Debug|Any CPU
		{7C04A6E3-3D7A-44C7-B200-3E612DBB35E6}.Debug|Any CPU.Build.0 = Debug|Any CPU
		{7C04A6E3-3D7A-44C7-B200-3E612DBB35E6}.Release|Any CPU.ActiveCfg = Release|Any CPU
		{7C04A6E3-3D7A-44C7-B200-3E612DBB35E6}.Release|Any CPU.Build.0 = Release|Any CPU
		{519992BC-93CB-4502-B67A-B7B4DE9ABF3D}.Debug|Any CPU.ActiveCfg = Debug|Any CPU
		{519992BC-93CB-4502-B67A-B7B4DE9ABF3D}.Debug|Any CPU.Build.0 = Debug|Any CPU
		{519992BC-93CB-4502-B67A-B7B4DE9ABF3D}.Release|Any CPU.ActiveCfg = Release|Any CPU
		{519992BC-93CB-4502-B67A-B7B4DE9ABF3D}.Release|Any CPU.Build.0 = Release|Any CPU
	EndGlobalSection
	GlobalSection(SolutionProperties) = preSolution
		HideSolutionNode = FALSE
	EndGlobalSection
	GlobalSection(ExtensibilityGlobals) = postSolution
		SolutionGuid = {BFC58B02-585F-4A0F-A7CF-0159BBC600C3}
	EndGlobalSection
EndGlobal
