
Microsoft Visual Studio Solution File, Format Version 12.00
# Visual Studio Version 16
VisualStudioVersion = 16.0.28803.202
MinimumVisualStudioVersion = 10.0.40219.1
Project("{9A19103F-16F7-4668-BE54-9A1E7A4F7556}") = "Specflow.Steps.Object", "Specflow.Steps.Object\Specflow.Steps.Object.csproj", "{4EF19ECA-CFBD-4E42-90D5-1D6A71443A20}"
EndProject
Project("{9A19103F-16F7-4668-BE54-9A1E7A4F7556}") = "Demo.CalcEng.Domain", "Demo.CalcEng.Domain\Demo.CalcEng.Domain.csproj", "{4FF9FD8A-C0C5-45BA-A086-1D9B3F2E45C8}"
EndProject
Project("{9A19103F-16F7-4668-BE54-9A1E7A4F7556}") = "Demo.CalcEng.Domain.Tests", "Demo.CalcEng.Domain.Tests\Demo.CalcEng.Domain.Tests.csproj", "{1C57E9D9-BFC2-4E77-A102-C15573FB0C0F}"
EndProject
Project("{9A19103F-16F7-4668-BE54-9A1E7A4F7556}") = "Specflow.Steps.Object.Tests", "Specflow.Steps.Object.Tests\Specflow.Steps.Object.Tests.csproj", "{FCBE8D1C-17F9-4580-BC43-46762B899499}"
EndProject
Project("{9A19103F-16F7-4668-BE54-9A1E7A4F7556}") = "Demo.CalcEng.Api", "Demo.CalcEng.Api\Demo.CalcEng.Api.csproj", "{45B36D37-137C-476B-8A0B-E6B5E642F1AB}"
EndProject
Project("{9A19103F-16F7-4668-BE54-9A1E7A4F7556}") = "Demo.CalcEng.Api.Tests", "Demo.CalcEng.Api.Tests\Demo.CalcEng.Api.Tests.csproj", "{57148037-152F-41B8-AB7D-BEB8F45A535B}"
EndProject
Project("{9A19103F-16F7-4668-BE54-9A1E7A4F7556}") = "Specflow.Steps.WebApi", "Specflow.Steps.WebApi\Specflow.Steps.WebApi.csproj", "{424C0896-C72B-4F21-9737-E10DC6FB730A}"
EndProject
Project("{9A19103F-16F7-4668-BE54-9A1E7A4F7556}") = "Specflow.Steps.Db", "Specflow.Steps.Db\Specflow.Steps.Db.csproj", "{ED1A5F1E-0E43-445E-AA8E-71925B5BA3FE}"
EndProject
Project("{9A19103F-16F7-4668-BE54-9A1E7A4F7556}") = "Demo.Database.Tests", "Demo.Database.Tests\Demo.Database.Tests.csproj", "{CC36415F-07B6-4AC2-A532-D225D4987071}"
EndProject
Project("{00D1A9C2-B5F0-4AF3-8072-F6C62B433612}") = "Demo.Database", "Demo.Database\Demo.Database.sqlproj", "{42D904D8-0EEC-4C52-B0AE-CB66937DA58B}"
EndProject
Global
	GlobalSection(SolutionConfigurationPlatforms) = preSolution
		Debug|Any CPU = Debug|Any CPU
		Release|Any CPU = Release|Any CPU
	EndGlobalSection
	GlobalSection(ProjectConfigurationPlatforms) = postSolution
		{4EF19ECA-CFBD-4E42-90D5-1D6A71443A20}.Debug|Any CPU.ActiveCfg = Debug|Any CPU
		{4EF19ECA-CFBD-4E42-90D5-1D6A71443A20}.Debug|Any CPU.Build.0 = Debug|Any CPU
		{4EF19ECA-CFBD-4E42-90D5-1D6A71443A20}.Release|Any CPU.ActiveCfg = Release|Any CPU
		{4EF19ECA-CFBD-4E42-90D5-1D6A71443A20}.Release|Any CPU.Build.0 = Release|Any CPU
		{4FF9FD8A-C0C5-45BA-A086-1D9B3F2E45C8}.Debug|Any CPU.ActiveCfg = Debug|Any CPU
		{4FF9FD8A-C0C5-45BA-A086-1D9B3F2E45C8}.Debug|Any CPU.Build.0 = Debug|Any CPU
		{4FF9FD8A-C0C5-45BA-A086-1D9B3F2E45C8}.Release|Any CPU.ActiveCfg = Release|Any CPU
		{4FF9FD8A-C0C5-45BA-A086-1D9B3F2E45C8}.Release|Any CPU.Build.0 = Release|Any CPU
		{1C57E9D9-BFC2-4E77-A102-C15573FB0C0F}.Debug|Any CPU.ActiveCfg = Debug|Any CPU
		{1C57E9D9-BFC2-4E77-A102-C15573FB0C0F}.Debug|Any CPU.Build.0 = Debug|Any CPU
		{1C57E9D9-BFC2-4E77-A102-C15573FB0C0F}.Release|Any CPU.ActiveCfg = Release|Any CPU
		{1C57E9D9-BFC2-4E77-A102-C15573FB0C0F}.Release|Any CPU.Build.0 = Release|Any CPU
		{FCBE8D1C-17F9-4580-BC43-46762B899499}.Debug|Any CPU.ActiveCfg = Debug|Any CPU
		{FCBE8D1C-17F9-4580-BC43-46762B899499}.Debug|Any CPU.Build.0 = Debug|Any CPU
		{FCBE8D1C-17F9-4580-BC43-46762B899499}.Release|Any CPU.ActiveCfg = Release|Any CPU
		{FCBE8D1C-17F9-4580-BC43-46762B899499}.Release|Any CPU.Build.0 = Release|Any CPU
		{45B36D37-137C-476B-8A0B-E6B5E642F1AB}.Debug|Any CPU.ActiveCfg = Debug|Any CPU
		{45B36D37-137C-476B-8A0B-E6B5E642F1AB}.Debug|Any CPU.Build.0 = Debug|Any CPU
		{45B36D37-137C-476B-8A0B-E6B5E642F1AB}.Release|Any CPU.ActiveCfg = Release|Any CPU
		{45B36D37-137C-476B-8A0B-E6B5E642F1AB}.Release|Any CPU.Build.0 = Release|Any CPU
		{57148037-152F-41B8-AB7D-BEB8F45A535B}.Debug|Any CPU.ActiveCfg = Debug|Any CPU
		{57148037-152F-41B8-AB7D-BEB8F45A535B}.Debug|Any CPU.Build.0 = Debug|Any CPU
		{57148037-152F-41B8-AB7D-BEB8F45A535B}.Release|Any CPU.ActiveCfg = Release|Any CPU
		{57148037-152F-41B8-AB7D-BEB8F45A535B}.Release|Any CPU.Build.0 = Release|Any CPU
		{424C0896-C72B-4F21-9737-E10DC6FB730A}.Debug|Any CPU.ActiveCfg = Debug|Any CPU
		{424C0896-C72B-4F21-9737-E10DC6FB730A}.Debug|Any CPU.Build.0 = Debug|Any CPU
		{424C0896-C72B-4F21-9737-E10DC6FB730A}.Release|Any CPU.ActiveCfg = Release|Any CPU
		{424C0896-C72B-4F21-9737-E10DC6FB730A}.Release|Any CPU.Build.0 = Release|Any CPU
		{ED1A5F1E-0E43-445E-AA8E-71925B5BA3FE}.Debug|Any CPU.ActiveCfg = Debug|Any CPU
		{ED1A5F1E-0E43-445E-AA8E-71925B5BA3FE}.Debug|Any CPU.Build.0 = Debug|Any CPU
		{ED1A5F1E-0E43-445E-AA8E-71925B5BA3FE}.Release|Any CPU.ActiveCfg = Release|Any CPU
		{ED1A5F1E-0E43-445E-AA8E-71925B5BA3FE}.Release|Any CPU.Build.0 = Release|Any CPU
		{CC36415F-07B6-4AC2-A532-D225D4987071}.Debug|Any CPU.ActiveCfg = Debug|Any CPU
		{CC36415F-07B6-4AC2-A532-D225D4987071}.Debug|Any CPU.Build.0 = Debug|Any CPU
		{CC36415F-07B6-4AC2-A532-D225D4987071}.Release|Any CPU.ActiveCfg = Release|Any CPU
		{CC36415F-07B6-4AC2-A532-D225D4987071}.Release|Any CPU.Build.0 = Release|Any CPU
		{42D904D8-0EEC-4C52-B0AE-CB66937DA58B}.Debug|Any CPU.ActiveCfg = Debug|Any CPU
		{42D904D8-0EEC-4C52-B0AE-CB66937DA58B}.Debug|Any CPU.Build.0 = Debug|Any CPU
		{42D904D8-0EEC-4C52-B0AE-CB66937DA58B}.Debug|Any CPU.Deploy.0 = Debug|Any CPU
		{42D904D8-0EEC-4C52-B0AE-CB66937DA58B}.Release|Any CPU.ActiveCfg = Release|Any CPU
		{42D904D8-0EEC-4C52-B0AE-CB66937DA58B}.Release|Any CPU.Build.0 = Release|Any CPU
		{42D904D8-0EEC-4C52-B0AE-CB66937DA58B}.Release|Any CPU.Deploy.0 = Release|Any CPU
	EndGlobalSection
	GlobalSection(SolutionProperties) = preSolution
		HideSolutionNode = FALSE
	EndGlobalSection
	GlobalSection(ExtensibilityGlobals) = postSolution
		SolutionGuid = {BFC58B02-585F-4A0F-A7CF-0159BBC600C3}
	EndGlobalSection
EndGlobal
