
Microsoft Visual Studio Solution File, Format Version 12.00
# Visual Studio 15
VisualStudioVersion = 15.0.28307.421
MinimumVisualStudioVersion = 10.0.40219.1
Project("{9A19103F-16F7-4668-BE54-9A1E7A4F7556}") = "Specflow.Steps.Object", "Specflow.Steps.Object\Specflow.Steps.Object.csproj", "{4EF19ECA-CFBD-4E42-90D5-1D6A71443A20}"
EndProject
Project("{9A19103F-16F7-4668-BE54-9A1E7A4F7556}") = "Demo.CalcEng.Domain", "Demo.CalcEng.Domain\Demo.CalcEng.Domain.csproj", "{4FF9FD8A-C0C5-45BA-A086-1D9B3F2E45C8}"
EndProject
Project("{9A19103F-16F7-4668-BE54-9A1E7A4F7556}") = "Demo.CalcEng.Domain.Tests", "Demo.CalcEng.Domain.Tests\Demo.CalcEng.Domain.Tests.csproj", "{1C57E9D9-BFC2-4E77-A102-C15573FB0C0F}"
EndProject
Project("{9A19103F-16F7-4668-BE54-9A1E7A4F7556}") = "Specflow.Steps.Object.Tests", "Specflow.Steps.Object.Tests\Specflow.Steps.Object.Tests.csproj", "{FCBE8D1C-17F9-4580-BC43-46762B899499}"
EndProject
Global
	GlobalSection(SolutionConfigurationPlatforms) = preSolution
		Debug|Any CPU = Debug|Any CPU
		Release|Any CPU = Release|Any CPU
	EndGlobalSection
	GlobalSection(ProjectConfigurationPlatforms) = postSolution
		{4EF19ECA-CFBD-4E42-90D5-1D6A71443A20}.Debug|Any CPU.ActiveCfg = Debug|Any CPU
		{4EF19ECA-CFBD-4E42-90D5-1D6A71443A20}.Debug|Any CPU.Build.0 = Debug|Any CPU
		{4EF19ECA-CFBD-4E42-90D5-1D6A71443A20}.Release|Any CPU.ActiveCfg = Release|Any CPU
		{4EF19ECA-CFBD-4E42-90D5-1D6A71443A20}.Release|Any CPU.Build.0 = Release|Any CPU
		{4FF9FD8A-C0C5-45BA-A086-1D9B3F2E45C8}.Debug|Any CPU.ActiveCfg = Debug|Any CPU
		{4FF9FD8A-C0C5-45BA-A086-1D9B3F2E45C8}.Debug|Any CPU.Build.0 = Debug|Any CPU
		{4FF9FD8A-C0C5-45BA-A086-1D9B3F2E45C8}.Release|Any CPU.ActiveCfg = Release|Any CPU
		{4FF9FD8A-C0C5-45BA-A086-1D9B3F2E45C8}.Release|Any CPU.Build.0 = Release|Any CPU
		{1C57E9D9-BFC2-4E77-A102-C15573FB0C0F}.Debug|Any CPU.ActiveCfg = Debug|Any CPU
		{1C57E9D9-BFC2-4E77-A102-C15573FB0C0F}.Debug|Any CPU.Build.0 = Debug|Any CPU
		{1C57E9D9-BFC2-4E77-A102-C15573FB0C0F}.Release|Any CPU.ActiveCfg = Release|Any CPU
		{1C57E9D9-BFC2-4E77-A102-C15573FB0C0F}.Release|Any CPU.Build.0 = Release|Any CPU
		{FCBE8D1C-17F9-4580-BC43-46762B899499}.Debug|Any CPU.ActiveCfg = Debug|Any CPU
		{FCBE8D1C-17F9-4580-BC43-46762B899499}.Debug|Any CPU.Build.0 = Debug|Any CPU
		{FCBE8D1C-17F9-4580-BC43-46762B899499}.Release|Any CPU.ActiveCfg = Release|Any CPU
		{FCBE8D1C-17F9-4580-BC43-46762B899499}.Release|Any CPU.Build.0 = Release|Any CPU
	EndGlobalSection
	GlobalSection(SolutionProperties) = preSolution
		HideSolutionNode = FALSE
	EndGlobalSection
	GlobalSection(ExtensibilityGlobals) = postSolution
		SolutionGuid = {BFC58B02-585F-4A0F-A7CF-0159BBC600C3}
	EndGlobalSection
EndGlobal
